
Microsoft Visual Studio Solution File, Format Version 12.00
# Visual Studio Version 17
VisualStudioVersion = 17.2.32630.192
MinimumVisualStudioVersion = 10.0.40219.1
Project("{888888A0-9F3D-457C-B088-3A5042F75D52}") = "helico", "main\helico.pyproj", "{176BCE6A-D53D-46F6-AACE-4AB4B71E9890}"
EndProject
Project("{2150E333-8FDC-42A3-9474-1A3956D46DE8}") = "Новая папка1", "Новая папка1", "{2B30EC9A-16FF-4424-A4C0-38281C601B6B}"
EndProject
Global
	GlobalSection(SolutionConfigurationPlatforms) = preSolution
		Debug|Any CPU = Debug|Any CPU
		Release|Any CPU = Release|Any CPU
	EndGlobalSection
	GlobalSection(ProjectConfigurationPlatforms) = postSolution
		{176BCE6A-D53D-46F6-AACE-4AB4B71E9890}.Debug|Any CPU.ActiveCfg = Debug|Any CPU
		{176BCE6A-D53D-46F6-AACE-4AB4B71E9890}.Release|Any CPU.ActiveCfg = Release|Any CPU
	EndGlobalSection
	GlobalSection(SolutionProperties) = preSolution
		HideSolutionNode = FALSE
	EndGlobalSection
	GlobalSection(ExtensibilityGlobals) = postSolution
		SolutionGuid = {7B04EC1C-2F10-49A6-A91B-88CA8787F460}
	EndGlobalSection
EndGlobal
